
Microsoft Visual Studio Solution File, Format Version 12.00
# Visual Studio 15
VisualStudioVersion = 15.0.27004.2002
MinimumVisualStudioVersion = 10.0.40219.1
Project("{2150E333-8FDC-42A3-9474-1A3956D46DE8}") = "1. Presentation Layer", "1. Presentation Layer", "{146F22DF-B442-4770-BED4-0709EF0625F4}"
EndProject
Project("{2150E333-8FDC-42A3-9474-1A3956D46DE8}") = "2. Hosting Layer", "2. Hosting Layer", "{4AF29FA0-9BBA-4CEB-9055-61257D8EF320}"
EndProject
Project("{2150E333-8FDC-42A3-9474-1A3956D46DE8}") = "3. Service Layer", "3. Service Layer", "{26B63765-99D7-41DC-9F55-2670AA072AF4}"
EndProject
Project("{2150E333-8FDC-42A3-9474-1A3956D46DE8}") = "4. Business Layer", "4. Business Layer", "{27702D64-F760-487D-B0A6-3A61E65A62B0}"
EndProject
Project("{2150E333-8FDC-42A3-9474-1A3956D46DE8}") = "5. Data Layer", "5. Data Layer", "{8201E4B6-2837-442F-9E7E-B498B2F9AEC2}"
EndProject
Project("{2150E333-8FDC-42A3-9474-1A3956D46DE8}") = "6. Common", "6. Common", "{6992264B-3425-462F-8685-B9289AC216AC}"
EndProject
Project("{FAE04EC0-301F-11D3-BF4B-00C04F79EFBC}") = "UoW.Pictre.Web.WebForms", "UoW.Pictre.Web.WebForms\UoW.Pictre.Web.WebForms.csproj", "{64841498-F864-4E54-BD27-36944E555EBF}"
EndProject
Project("{FAE04EC0-301F-11D3-BF4B-00C04F79EFBC}") = "UoW.Pictre.Web.WebForms.Tests", "UoW.Pictre.Web.WebForms.Tests\UoW.Pictre.Web.WebForms.Tests.csproj", "{22A9C023-AA1A-4718-B004-8DEC29962099}"
EndProject
Project("{FAE04EC0-301F-11D3-BF4B-00C04F79EFBC}") = "UoW.Pictre.WCF.CoreService", "UoW.Pictre.WCF.CoreService\UoW.Pictre.WCF.CoreService.csproj", "{70A25967-2E47-4D23-A92C-530081CFD999}"
EndProject
Project("{FAE04EC0-301F-11D3-BF4B-00C04F79EFBC}") = "UoW.Pictre.CoreService", "UoW.Pictre.CoreService\UoW.Pictre.CoreService.csproj", "{9B8E8F9E-AD09-49F3-8EF6-31AA0384E0ED}"
EndProject
Project("{2150E333-8FDC-42A3-9474-1A3956D46DE8}") = "APIs", "APIs", "{D5739380-8E3B-4BD8-B92E-2B0F029BAC3B}"
EndProject
Project("{2150E333-8FDC-42A3-9474-1A3956D46DE8}") = "Data Access Objects", "Data Access Objects", "{D3D5C77C-405E-4987-BA17-8FD9CF96326F}"
EndProject
Project("{FAE04EC0-301F-11D3-BF4B-00C04F79EFBC}") = "UoW.Pictre.BusinessObjects", "UoW.Pictre.BusinessObjects\UoW.Pictre.BusinessObjects.csproj", "{BA967941-E921-4DE1-8CEC-C85940505C02}"
EndProject
Project("{FAE04EC0-301F-11D3-BF4B-00C04F79EFBC}") = "UoW.Pictre.DAO.Core", "UoW.Pictre.DAO.Core\UoW.Pictre.DAO.Core.csproj", "{9877D241-A07D-4A82-8599-E62463AC8380}"
EndProject
Project("{2150E333-8FDC-42A3-9474-1A3956D46DE8}") = "facebook", "facebook", "{6AB06323-9E78-474F-80A1-09E1F894B81F}"
EndProject
Project("{2150E333-8FDC-42A3-9474-1A3956D46DE8}") = "google", "google", "{2046C3B3-6674-4823-87C8-5CC3605E0D6D}"
EndProject
Project("{2150E333-8FDC-42A3-9474-1A3956D46DE8}") = "LinkedIn", "LinkedIn", "{1F700065-A10A-4CFC-BF62-2FCBCC58FF05}"
EndProject
Project("{FAE04EC0-301F-11D3-BF4B-00C04F79EFBC}") = "UoW.Pictre.DataObjects", "UoW.Pictre.DataObjects\UoW.Pictre.DataObjects.csproj", "{EF98EE49-B8DB-4AEB-9615-8E5F8E2FC2E7}"
EndProject
Project("{FAE04EC0-301F-11D3-BF4B-00C04F79EFBC}") = "UoW.Pictre.ServiceUtils", "UoW.Pictre.ServiceUtils\UoW.Pictre.ServiceUtils.csproj", "{079C3128-FA6D-4F69-B852-779DCD4119D8}"
EndProject
Project("{FAE04EC0-301F-11D3-BF4B-00C04F79EFBC}") = "UoW.Pictre.PictreUtilities", "UoW.Pictre.PictreUtilities\UoW.Pictre.PictreUtilities.csproj", "{15B13460-62AF-4C39-ADFC-1441B1F6EBD1}"
EndProject
Global
	GlobalSection(SolutionConfigurationPlatforms) = preSolution
		Debug|Any CPU = Debug|Any CPU
		Release|Any CPU = Release|Any CPU
	EndGlobalSection
	GlobalSection(ProjectConfigurationPlatforms) = postSolution
		{64841498-F864-4E54-BD27-36944E555EBF}.Debug|Any CPU.ActiveCfg = Debug|Any CPU
		{64841498-F864-4E54-BD27-36944E555EBF}.Debug|Any CPU.Build.0 = Debug|Any CPU
		{64841498-F864-4E54-BD27-36944E555EBF}.Release|Any CPU.ActiveCfg = Release|Any CPU
		{64841498-F864-4E54-BD27-36944E555EBF}.Release|Any CPU.Build.0 = Release|Any CPU
		{22A9C023-AA1A-4718-B004-8DEC29962099}.Debug|Any CPU.ActiveCfg = Debug|Any CPU
		{22A9C023-AA1A-4718-B004-8DEC29962099}.Debug|Any CPU.Build.0 = Debug|Any CPU
		{22A9C023-AA1A-4718-B004-8DEC29962099}.Release|Any CPU.ActiveCfg = Release|Any CPU
		{22A9C023-AA1A-4718-B004-8DEC29962099}.Release|Any CPU.Build.0 = Release|Any CPU
		{70A25967-2E47-4D23-A92C-530081CFD999}.Debug|Any CPU.ActiveCfg = Debug|Any CPU
		{70A25967-2E47-4D23-A92C-530081CFD999}.Debug|Any CPU.Build.0 = Debug|Any CPU
		{70A25967-2E47-4D23-A92C-530081CFD999}.Release|Any CPU.ActiveCfg = Release|Any CPU
		{70A25967-2E47-4D23-A92C-530081CFD999}.Release|Any CPU.Build.0 = Release|Any CPU
		{9B8E8F9E-AD09-49F3-8EF6-31AA0384E0ED}.Debug|Any CPU.ActiveCfg = Debug|Any CPU
		{9B8E8F9E-AD09-49F3-8EF6-31AA0384E0ED}.Debug|Any CPU.Build.0 = Debug|Any CPU
		{9B8E8F9E-AD09-49F3-8EF6-31AA0384E0ED}.Release|Any CPU.ActiveCfg = Release|Any CPU
		{9B8E8F9E-AD09-49F3-8EF6-31AA0384E0ED}.Release|Any CPU.Build.0 = Release|Any CPU
		{BA967941-E921-4DE1-8CEC-C85940505C02}.Debug|Any CPU.ActiveCfg = Debug|Any CPU
		{BA967941-E921-4DE1-8CEC-C85940505C02}.Debug|Any CPU.Build.0 = Debug|Any CPU
		{BA967941-E921-4DE1-8CEC-C85940505C02}.Release|Any CPU.ActiveCfg = Release|Any CPU
		{BA967941-E921-4DE1-8CEC-C85940505C02}.Release|Any CPU.Build.0 = Release|Any CPU
		{9877D241-A07D-4A82-8599-E62463AC8380}.Debug|Any CPU.ActiveCfg = Debug|Any CPU
		{9877D241-A07D-4A82-8599-E62463AC8380}.Debug|Any CPU.Build.0 = Debug|Any CPU
		{9877D241-A07D-4A82-8599-E62463AC8380}.Release|Any CPU.ActiveCfg = Release|Any CPU
		{9877D241-A07D-4A82-8599-E62463AC8380}.Release|Any CPU.Build.0 = Release|Any CPU
		{EF98EE49-B8DB-4AEB-9615-8E5F8E2FC2E7}.Debug|Any CPU.ActiveCfg = Debug|Any CPU
		{EF98EE49-B8DB-4AEB-9615-8E5F8E2FC2E7}.Debug|Any CPU.Build.0 = Debug|Any CPU
		{EF98EE49-B8DB-4AEB-9615-8E5F8E2FC2E7}.Release|Any CPU.ActiveCfg = Release|Any CPU
		{EF98EE49-B8DB-4AEB-9615-8E5F8E2FC2E7}.Release|Any CPU.Build.0 = Release|Any CPU
		{079C3128-FA6D-4F69-B852-779DCD4119D8}.Debug|Any CPU.ActiveCfg = Debug|Any CPU
		{079C3128-FA6D-4F69-B852-779DCD4119D8}.Debug|Any CPU.Build.0 = Debug|Any CPU
		{079C3128-FA6D-4F69-B852-779DCD4119D8}.Release|Any CPU.ActiveCfg = Release|Any CPU
		{079C3128-FA6D-4F69-B852-779DCD4119D8}.Release|Any CPU.Build.0 = Release|Any CPU
		{15B13460-62AF-4C39-ADFC-1441B1F6EBD1}.Debug|Any CPU.ActiveCfg = Debug|Any CPU
		{15B13460-62AF-4C39-ADFC-1441B1F6EBD1}.Debug|Any CPU.Build.0 = Debug|Any CPU
		{15B13460-62AF-4C39-ADFC-1441B1F6EBD1}.Release|Any CPU.ActiveCfg = Release|Any CPU
		{15B13460-62AF-4C39-ADFC-1441B1F6EBD1}.Release|Any CPU.Build.0 = Release|Any CPU
	EndGlobalSection
	GlobalSection(SolutionProperties) = preSolution
		HideSolutionNode = FALSE
	EndGlobalSection
	GlobalSection(NestedProjects) = preSolution
		{64841498-F864-4E54-BD27-36944E555EBF} = {146F22DF-B442-4770-BED4-0709EF0625F4}
		{22A9C023-AA1A-4718-B004-8DEC29962099} = {146F22DF-B442-4770-BED4-0709EF0625F4}
		{70A25967-2E47-4D23-A92C-530081CFD999} = {4AF29FA0-9BBA-4CEB-9055-61257D8EF320}
		{9B8E8F9E-AD09-49F3-8EF6-31AA0384E0ED} = {26B63765-99D7-41DC-9F55-2670AA072AF4}
		{D5739380-8E3B-4BD8-B92E-2B0F029BAC3B} = {27702D64-F760-487D-B0A6-3A61E65A62B0}
		{D3D5C77C-405E-4987-BA17-8FD9CF96326F} = {27702D64-F760-487D-B0A6-3A61E65A62B0}
		{BA967941-E921-4DE1-8CEC-C85940505C02} = {27702D64-F760-487D-B0A6-3A61E65A62B0}
		{9877D241-A07D-4A82-8599-E62463AC8380} = {D3D5C77C-405E-4987-BA17-8FD9CF96326F}
		{6AB06323-9E78-474F-80A1-09E1F894B81F} = {D5739380-8E3B-4BD8-B92E-2B0F029BAC3B}
		{2046C3B3-6674-4823-87C8-5CC3605E0D6D} = {D5739380-8E3B-4BD8-B92E-2B0F029BAC3B}
		{1F700065-A10A-4CFC-BF62-2FCBCC58FF05} = {D5739380-8E3B-4BD8-B92E-2B0F029BAC3B}
		{EF98EE49-B8DB-4AEB-9615-8E5F8E2FC2E7} = {8201E4B6-2837-442F-9E7E-B498B2F9AEC2}
		{079C3128-FA6D-4F69-B852-779DCD4119D8} = {6992264B-3425-462F-8685-B9289AC216AC}
		{15B13460-62AF-4C39-ADFC-1441B1F6EBD1} = {6992264B-3425-462F-8685-B9289AC216AC}
	EndGlobalSection
	GlobalSection(ExtensibilityGlobals) = postSolution
		SolutionGuid = {8E8ED492-8F3C-4ED7-94D8-827DCB49F079}
	EndGlobalSection
EndGlobal
